
Microsoft Visual Studio Solution File, Format Version 12.00
# Visual Studio Version 16
VisualStudioVersion = 16.0.29123.88
MinimumVisualStudioVersion = 10.0.40219.1
Project("{9A19103F-16F7-4668-BE54-9A1E7A4F7556}") = "WebAppBlazer", "WebAppBlazer\WebAppBlazer.csproj", "{542D7B1C-C9D7-4FA2-AC89-F815974EBDD1}"
EndProject
Project("{9A19103F-16F7-4668-BE54-9A1E7A4F7556}") = "WebApplication1", "WebApplication1\WebApplication1.csproj", "{87B2C52E-D2FA-461D-9E5A-80465AC892D6}"
EndProject
Global
	GlobalSection(SolutionConfigurationPlatforms) = preSolution
		Debug|Any CPU = Debug|Any CPU
		Release|Any CPU = Release|Any CPU
	EndGlobalSection
	GlobalSection(ProjectConfigurationPlatforms) = postSolution
		{542D7B1C-C9D7-4FA2-AC89-F815974EBDD1}.Debug|Any CPU.ActiveCfg = Debug|Any CPU
		{542D7B1C-C9D7-4FA2-AC89-F815974EBDD1}.Debug|Any CPU.Build.0 = Debug|Any CPU
		{542D7B1C-C9D7-4FA2-AC89-F815974EBDD1}.Release|Any CPU.ActiveCfg = Release|Any CPU
		{542D7B1C-C9D7-4FA2-AC89-F815974EBDD1}.Release|Any CPU.Build.0 = Release|Any CPU
		{87B2C52E-D2FA-461D-9E5A-80465AC892D6}.Debug|Any CPU.ActiveCfg = Debug|Any CPU
		{87B2C52E-D2FA-461D-9E5A-80465AC892D6}.Debug|Any CPU.Build.0 = Debug|Any CPU
		{87B2C52E-D2FA-461D-9E5A-80465AC892D6}.Release|Any CPU.ActiveCfg = Release|Any CPU
		{87B2C52E-D2FA-461D-9E5A-80465AC892D6}.Release|Any CPU.Build.0 = Release|Any CPU
	EndGlobalSection
	GlobalSection(SolutionProperties) = preSolution
		HideSolutionNode = FALSE
	EndGlobalSection
	GlobalSection(ExtensibilityGlobals) = postSolution
		SolutionGuid = {FAA3E6EC-B3AF-4798-930A-4C38E307E796}
	EndGlobalSection
EndGlobal
